
Microsoft Visual Studio Solution File, Format Version 12.00
# Visual Studio 15
VisualStudioVersion = 15.0.28307.421
MinimumVisualStudioVersion = 10.0.40219.1
Project("{FAE04EC0-301F-11D3-BF4B-00C04F79EFBC}") = "TestDeployAzuere", "TestDeployAzuere\TestDeployAzuere.csproj", "{D97CFA52-905C-4C1D-8706-2608FF0A5A6B}"
EndProject
Global
	GlobalSection(SolutionConfigurationPlatforms) = preSolution
		Debug|Any CPU = Debug|Any CPU
		Release|Any CPU = Release|Any CPU
	EndGlobalSection
	GlobalSection(ProjectConfigurationPlatforms) = postSolution
		{D97CFA52-905C-4C1D-8706-2608FF0A5A6B}.Debug|Any CPU.ActiveCfg = Debug|Any CPU
		{D97CFA52-905C-4C1D-8706-2608FF0A5A6B}.Debug|Any CPU.Build.0 = Debug|Any CPU
		{D97CFA52-905C-4C1D-8706-2608FF0A5A6B}.Release|Any CPU.ActiveCfg = Release|Any CPU
		{D97CFA52-905C-4C1D-8706-2608FF0A5A6B}.Release|Any CPU.Build.0 = Release|Any CPU
	EndGlobalSection
	GlobalSection(SolutionProperties) = preSolution
		HideSolutionNode = FALSE
	EndGlobalSection
	GlobalSection(ExtensibilityGlobals) = postSolution
		SolutionGuid = {04888268-DD32-412A-8121-3632DA2EAD9B}
	EndGlobalSection
EndGlobal
